{
  "nodes": {
    "nixpkgs": {
      "locked": {
        "lastModified": 1776632433,
        "narHash": "sha256-Z6w5sugn31IW3ZFh8cXrqP7EZleCqm2+wAww0pGUYUA=",
        "owner": "NixOS",
        "repo": "nixpkgs",
        "rev": "327838247c272d70b4c7e1572dc2ad13b9629cba",
        "type": "github"
      },
      "original": {
        "owner": "NixOS",
        "repo": "nixpkgs",
        "type": "github"
      }
    },
    "root": {
      "inputs": {
        "nixpkgs": "nixpkgs"
      }
    }
  },
  "root": "root",
  "version": 7
}
