{
  "nodes": {
    "nixpkgs": {
      "locked": {
        "lastModified": 1749668005,
        "narHash": "sha256-x8IRsKhc8Xzv+zc2wX237lsxNu0VTElUOScwnONbnt4=",
        "owner": "NixOS",
        "repo": "nixpkgs",
        "rev": "aa1b81e8299a3051c01396d0373c9d61b830e354",
        "type": "github"
      },
      "original": {
        "owner": "NixOS",
        "repo": "nixpkgs",
        "type": "github"
      }
    },
    "root": {
      "inputs": {
        "nixpkgs": "nixpkgs"
      }
    }
  },
  "root": "root",
  "version": 7
}
